
Microsoft Visual Studio Solution File, Format Version 12.00
# Visual Studio 15
Project("{FAE04EC0-301F-11D3-BF4B-00C04F79EFBC}") = "Assembly-CSharp", "Assembly-CSharp.csproj", "{78D06F1F-FABA-8589-0805-9FC142B03570}"
EndProject
Project("{FAE04EC0-301F-11D3-BF4B-00C04F79EFBC}") = "Assembly-CSharp-Editor", "Assembly-CSharp-Editor.csproj", "{7F9B76E4-04E4-E48E-B7BD-7EEC223EE392}"
EndProject
Global
	GlobalSection(SolutionConfigurationPlatforms) = preSolution
		Debug|Any CPU = Debug|Any CPU
		Release|Any CPU = Release|Any CPU
	EndGlobalSection
	GlobalSection(ProjectConfigurationPlatforms) = postSolution
		{78D06F1F-FABA-8589-0805-9FC142B03570}.Debug|Any CPU.ActiveCfg = Debug|Any CPU
		{78D06F1F-FABA-8589-0805-9FC142B03570}.Debug|Any CPU.Build.0 = Debug|Any CPU
		{78D06F1F-FABA-8589-0805-9FC142B03570}.Release|Any CPU.ActiveCfg = Release|Any CPU
		{78D06F1F-FABA-8589-0805-9FC142B03570}.Release|Any CPU.Build.0 = Release|Any CPU
		{7F9B76E4-04E4-E48E-B7BD-7EEC223EE392}.Debug|Any CPU.ActiveCfg = Debug|Any CPU
		{7F9B76E4-04E4-E48E-B7BD-7EEC223EE392}.Debug|Any CPU.Build.0 = Debug|Any CPU
		{7F9B76E4-04E4-E48E-B7BD-7EEC223EE392}.Release|Any CPU.ActiveCfg = Release|Any CPU
		{7F9B76E4-04E4-E48E-B7BD-7EEC223EE392}.Release|Any CPU.Build.0 = Release|Any CPU
	EndGlobalSection
	GlobalSection(SolutionProperties) = preSolution
		HideSolutionNode = FALSE
	EndGlobalSection
EndGlobal
